// !$*UTF8*$!
{
	archiveVersion = 1;
	classes = {
	};
	objectVersion = 50;
	objects = {

/* Begin PBXBuildFile section */
		EB696403222E8BDF0058CDD7 /* AppDelegate.swift in Sources */ = {isa = PBXBuildFile; fileRef = EB696402222E8BDF0058CDD7 /* AppDelegate.swift */; };
		EB696405222E8BDF0058CDD7 /* DisplayViewController.swift in Sources */ = {isa = PBXBuildFile; fileRef = EB696404222E8BDF0058CDD7 /* DisplayViewController.swift */; };
		EB696408222E8BDF0058CDD7 /* Main.storyboard in Resources */ = {isa = PBXBuildFile; fileRef = EB696406222E8BDF0058CDD7 /* Main.storyboard */; };
		EB69640A222E8BE00058CDD7 /* Assets.xcassets in Resources */ = {isa = PBXBuildFile; fileRef = EB696409222E8BE00058CDD7 /* Assets.xcassets */; };
		EB69640D222E8BE00058CDD7 /* LaunchScreen.storyboard in Resources */ = {isa = PBXBuildFile; fileRef = EB69640B222E8BE00058CDD7 /* LaunchScreen.storyboard */; };
		EB696415222E8E430058CDD7 /* AddItemViewController.swift in Sources */ = {isa = PBXBuildFile; fileRef = EB696414222E8E430058CDD7 /* AddItemViewController.swift */; };
		EB696417222E98870058CDD7 /* Item.swift in Sources */ = {isa = PBXBuildFile; fileRef = EB696416222E98870058CDD7 /* Item.swift */; };
/* End PBXBuildFile section */

/* Begin PBXFileReference section */
		EB6963FF222E8BDF0058CDD7 /* JoExam.app */ = {isa = PBXFileReference; explicitFileType = wrapper.application; includeInIndex = 0; path = JoExam.app; sourceTree = BUILT_PRODUCTS_DIR; };
		EB696402222E8BDF0058CDD7 /* AppDelegate.swift */ = {isa = PBXFileReference; lastKnownFileType = sourcecode.swift; path = AppDelegate.swift; sourceTree = "<group>"; };
		EB696404222E8BDF0058CDD7 /* DisplayViewController.swift */ = {isa = PBXFileReference; lastKnownFileType = sourcecode.swift; path = DisplayViewController.swift; sourceTree = "<group>"; };
		EB696407222E8BDF0058CDD7 /* Base */ = {isa = PBXFileReference; lastKnownFileType = file.storyboard; name = Base; path = Base.lproj/Main.storyboard; sourceTree = "<group>"; };
		EB696409222E8BE00058CDD7 /* Assets.xcassets */ = {isa = PBXFileReference; lastKnownFileType = folder.assetcatalog; path = Assets.xcassets; sourceTree = "<group>"; };
		EB69640C222E8BE00058CDD7 /* Base */ = {isa = PBXFileReference; lastKnownFileType = file.storyboard; name = Base; path = Base.lproj/LaunchScreen.storyboard; sourceTree = "<group>"; };
		EB69640E222E8BE00058CDD7 /* Info.plist */ = {isa = PBXFileReference; lastKnownFileType = text.plist.xml; path = Info.plist; sourceTree = "<group>"; };
		EB696414222E8E430058CDD7 /* AddItemViewController.swift */ = {isa = PBXFileReference; lastKnownFileType = sourcecode.swift; path = AddItemViewController.swift; sourceTree = "<group>"; };
		EB696416222E98870058CDD7 /* Item.swift */ = {isa = PBXFileReference; lastKnownFileType = sourcecode.swift; path = Item.swift; sourceTree = "<group>"; };
/* End PBXFileReference section */

/* Begin PBXFrameworksBuildPhase section */
		EB6963FC222E8BDF0058CDD7 /* Frameworks */ = {
			isa = PBXFrameworksBuildPhase;
			buildActionMask = 2147483647;
			files = (
			);
			runOnlyForDeploymentPostprocessing = 0;
		};
/* End PBXFrameworksBuildPhase section */

/* Begin PBXGroup section */
		EB6963F6222E8BDF0058CDD7 = {
			isa = PBXGroup;
			children = (
				EB696401222E8BDF0058CDD7 /* JoExam */,
				EB696400222E8BDF0058CDD7 /* Products */,
			);
			sourceTree = "<group>";
		};
		EB696400222E8BDF0058CDD7 /* Products */ = {
			isa = PBXGroup;
			children = (
				EB6963FF222E8BDF0058CDD7 /* JoExam.app */,
			);
			name = Products;
			sourceTree = "<group>";
		};
		EB696401222E8BDF0058CDD7 /* JoExam */ = {
			isa = PBXGroup;
			children = (
				EB696402222E8BDF0058CDD7 /* AppDelegate.swift */,
				EB696404222E8BDF0058CDD7 /* DisplayViewController.swift */,
				EB696416222E98870058CDD7 /* Item.swift */,
				EB696414222E8E430058CDD7 /* AddItemViewController.swift */,
				EB696406222E8BDF0058CDD7 /* Main.storyboard */,
				EB696409222E8BE00058CDD7 /* Assets.xcassets */,
				EB69640B222E8BE00058CDD7 /* LaunchScreen.storyboard */,
				EB69640E222E8BE00058CDD7 /* Info.plist */,
			);
			path = JoExam;
			sourceTree = "<group>";
		};
/* End PBXGroup section */

/* Begin PBXNativeTarget section */
		EB6963FE222E8BDF0058CDD7 /* JoExam */ = {
			isa = PBXNativeTarget;
			buildConfigurationList = EB696411222E8BE00058CDD7 /* Build configuration list for PBXNativeTarget "JoExam" */;
			buildPhases = (
				EB6963FB222E8BDF0058CDD7 /* Sources */,
				EB6963FC222E8BDF0058CDD7 /* Frameworks */,
				EB6963FD222E8BDF0058CDD7 /* Resources */,
			);
			buildRules = (
			);
			dependencies = (
			);
			name = JoExam;
			productName = JoExam;
			productReference = EB6963FF222E8BDF0058CDD7 /* JoExam.app */;
			productType = "com.apple.product-type.application";
		};
/* End PBXNativeTarget section */

/* Begin PBXProject section */
		EB6963F7222E8BDF0058CDD7 /* Project object */ = {
			isa = PBXProject;
			attributes = {
				LastSwiftUpdateCheck = 1010;
				LastUpgradeCheck = 1010;
				ORGANIZATIONNAME = user146982;
				TargetAttributes = {
					EB6963FE222E8BDF0058CDD7 = {
						CreatedOnToolsVersion = 10.1;
					};
				};
			};
			buildConfigurationList = EB6963FA222E8BDF0058CDD7 /* Build configuration list for PBXProject "JoExam" */;
			compatibilityVersion = "Xcode 9.3";
			developmentRegion = en;
			hasScannedForEncodings = 0;
			knownRegions = (
				en,
				Base,
			);
			mainGroup = EB6963F6222E8BDF0058CDD7;
			productRefGroup = EB696400222E8BDF0058CDD7 /* Products */;
			projectDirPath = "";
			projectRoot = "";
			targets = (
				EB6963FE222E8BDF0058CDD7 /* JoExam */,
			);
		};
/* End PBXProject section */

/* Begin PBXResourcesBuildPhase section */
		EB6963FD222E8BDF0058CDD7 /* Resources */ = {
			isa = PBXResourcesBuildPhase;
			buildActionMask = 2147483647;
			files = (
				EB69640D222E8BE00058CDD7 /* LaunchScreen.storyboard in Resources */,
				EB69640A222E8BE00058CDD7 /* Assets.xcassets in Resources */,
				EB696408222E8BDF0058CDD7 /* Main.storyboard in Resources */,
			);
			runOnlyForDeploymentPostprocessing = 0;
		};
/* End PBXResourcesBuildPhase section */

/* Begin PBXSourcesBuildPhase section */
		EB6963FB222E8BDF0058CDD7 /* Sources */ = {
			isa = PBXSourcesBuildPhase;
			buildActionMask = 2147483647;
			files = (
				EB696417222E98870058CDD7 /* Item.swift in Sources */,
				EB696405222E8BDF0058CDD7 /* DisplayViewController.swift in Sources */,
				EB696403222E8BDF0058CDD7 /* AppDelegate.swift in Sources */,
				EB696415222E8E430058CDD7 /* AddItemViewController.swift in Sources */,
			);
			runOnlyForDeploymentPostprocessing = 0;
		};
/* End PBXSourcesBuildPhase section */

/* Begin PBXVariantGroup section */
		EB696406222E8BDF0058CDD7 /* Main.storyboard */ = {
			isa = PBXVariantGroup;
			children = (
				EB696407222E8BDF0058CDD7 /* Base */,
			);
			name = Main.storyboard;
			sourceTree = "<group>";
		};
		EB69640B222E8BE00058CDD7 /* LaunchScreen.storyboard */ = {
			isa = PBXVariantGroup;
			children = (
				EB69640C222E8BE00058CDD7 /* Base */,
			);
			name = LaunchScreen.storyboard;
			sourceTree = "<group>";
		};
/* End PBXVariantGroup section */

/* Begin XCBuildConfiguration section */
		EB69640F222E8BE00058CDD7 /* Debug */ = {
			isa = XCBuildConfiguration;
			buildSettings = {
				ALWAYS_SEARCH_USER_PATHS = NO;
				CLANG_ANALYZER_NONNULL = YES;
				CLANG_ANALYZER_NUMBER_OBJECT_CONVERSION = YES_AGGRESSIVE;
				CLANG_CXX_LANGUAGE_STANDARD = "gnu++14";
				CLANG_CXX_LIBRARY = "libc++";
				CLANG_ENABLE_MODULES = YES;
				CLANG_ENABLE_OBJC_ARC = YES;
				CLANG_ENABLE_OBJC_WEAK = YES;
				CLANG_WARN_BLOCK_CAPTURE_AUTORELEASING = YES;
				CLANG_WARN_BOOL_CONVERSION = YES;
				CLANG_WARN_COMMA = YES;
				CLANG_WARN_CONSTANT_CONVERSION = YES;
				CLANG_WARN_DEPRECATED_OBJC_IMPLEMENTATIONS = YES;
				CLANG_WARN_DIRECT_OBJC_ISA_USAGE = YES_ERROR;
				CLANG_WARN_DOCUMENTATION_COMMENTS = YES;
				CLANG_WARN_EMPTY_BODY = YES;
				CLANG_WARN_ENUM_CONVERSION = YES;
				CLANG_WARN_INFINITE_RECURSION = YES;
				CLANG_WARN_INT_CONVERSION = YES;
				CLANG_WARN_NON_LITERAL_NULL_CONVERSION = YES;
				CLANG_WARN_OBJC_IMPLICIT_RETAIN_SELF = YES;
				CLANG_WARN_OBJC_LITERAL_CONVERSION = YES;
				CLANG_WARN_OBJC_ROOT_CLASS = YES_ERROR;
				CLANG_WARN_RANGE_LOOP_ANALYSIS = YES;
				CLANG_WARN_STRICT_PROTOTYPES = YES;
				CLANG_WARN_SUSPICIOUS_MOVE = YES;
				CLANG_WARN_UNGUARDED_AVAILABILITY = YES_AGGRESSIVE;
				CLANG_WARN_UNREACHABLE_CODE = YES;
				CLANG_WARN__DUPLICATE_METHOD_MATCH = YES;
				CODE_SIGN_IDENTITY = "iPhone Developer";
				COPY_PHASE_STRIP = NO;
				DEBUG_INFORMATION_FORMAT = dwarf;
				ENABLE_STRICT_OBJC_MSGSEND = YES;
				ENABLE_TESTABILITY = YES;
				GCC_C_LANGUAGE_STANDARD = gnu11;
				GCC_DYNAMIC_NO_PIC = NO;
				GCC_NO_COMMON_BLOCKS = YES;
				GCC_OPTIMIZATION_LEVEL = 0;
				GCC_PREPROCESSOR_DEFINITIONS = (
					"DEBUG=1",
					"$(inherited)",
				);
				GCC_WARN_64_TO_32_BIT_CONVERSION = YES;
				GCC_WARN_ABOUT_RETURN_TYPE = YES_ERROR;
				GCC_WARN_UNDECLARED_SELECTOR = YES;
				GCC_WARN_UNINITIALIZED_AUTOS = YES_AGGRESSIVE;
				GCC_WARN_UNUSED_FUNCTION = YES;
				GCC_WARN_UNUSED_VARIABLE = YES;
				IPHONEOS_DEPLOYMENT_TARGET = 12.1;
				MTL_ENABLE_DEBUG_INFO = INCLUDE_SOURCE;
				MTL_FAST_MATH = YES;
				ONLY_ACTIVE_ARCH = YES;
				SDKROOT = iphoneos;
				SWIFT_ACTIVE_COMPILATION_CONDITIONS = DEBUG;
				SWIFT_OPTIMIZATION_LEVEL = "-Onone";
			};
			name = Debug;
		};
		EB696410222E8BE00058CDD7 /* Release */ = {
			isa = XCBuildConfiguration;
			buildSettings = {
				ALWAYS_SEARCH_USER_PATHS = NO;
				CLANG_ANALYZER_NONNULL = YES;
				CLANG_ANALYZER_NUMBER_OBJECT_CONVERSION = YES_AGGRESSIVE;
				CLANG_CXX_LANGUAGE_STANDARD = "gnu++14";
				CLANG_CXX_LIBRARY = "libc++";
				CLANG_ENABLE_MODULES = YES;
				CLANG_ENABLE_OBJC_ARC = YES;
				CLANG_ENABLE_OBJC_WEAK = YES;
				CLANG_WARN_BLOCK_CAPTURE_AUTORELEASING = YES;
				CLANG_WARN_BOOL_CONVERSION = YES;
				CLANG_WARN_COMMA = YES;
				CLANG_WARN_CONSTANT_CONVERSION = YES;
				CLANG_WARN_DEPRECATED_OBJC_IMPLEMENTATIONS = YES;
				CLANG_WARN_DIRECT_OBJC_ISA_USAGE = YES_ERROR;
				CLANG_WARN_DOCUMENTATION_COMMENTS = YES;
				CLANG_WARN_EMPTY_BODY = YES;
				CLANG_WARN_ENUM_CONVERSION = YES;
				CLANG_WARN_INFINITE_RECURSION = YES;
				CLANG_WARN_INT_CONVERSION = YES;
				CLANG_WARN_NON_LITERAL_NULL_CONVERSION = YES;
				CLANG_WARN_OBJC_IMPLICIT_RETAIN_SELF = YES;
				CLANG_WARN_OBJC_LITERAL_CONVERSION = YES;
				CLANG_WARN_OBJC_ROOT_CLASS = YES_ERROR;
				CLANG_WARN_RANGE_LOOP_ANALYSIS = YES;
				CLANG_WARN_STRICT_PROTOTYPES = YES;
				CLANG_WARN_SUSPICIOUS_MOVE = YES;
				CLANG_WARN_UNGUARDED_AVAILABILITY = YES_AGGRESSIVE;
				CLANG_WARN_UNREACHABLE_CODE = YES;
				CLANG_WARN__DUPLICATE_METHOD_MATCH = YES;
				CODE_SIGN_IDENTITY = "iPhone Developer";
				COPY_PHASE_STRIP = NO;
				DEBUG_INFORMATION_FORMAT = "dwarf-with-dsym";
				ENABLE_NS_ASSERTIONS = NO;
				ENABLE_STRICT_OBJC_MSGSEND = YES;
				GCC_C_LANGUAGE_STANDARD = gnu11;
				GCC_NO_COMMON_BLOCKS = YES;
				GCC_WARN_64_TO_32_BIT_CONVERSION = YES;
				GCC_WARN_ABOUT_RETURN_TYPE = YES_ERROR;
				GCC_WARN_UNDECLARED_SELECTOR = YES;
				GCC_WARN_UNINITIALIZED_AUTOS = YES_AGGRESSIVE;
				GCC_WARN_UNUSED_FUNCTION = YES;
				GCC_WARN_UNUSED_VARIABLE = YES;
				IPHONEOS_DEPLOYMENT_TARGET = 12.1;
				MTL_ENABLE_DEBUG_INFO = NO;
				MTL_FAST_MATH = YES;
				SDKROOT = iphoneos;
				SWIFT_COMPILATION_MODE = wholemodule;
				SWIFT_OPTIMIZATION_LEVEL = "-O";
				VALIDATE_PRODUCT = YES;
			};
			name = Release;
		};
		EB696412222E8BE00058CDD7 /* Debug */ = {
			isa = XCBuildConfiguration;
			buildSettings = {
				ASSETCATALOG_COMPILER_APPICON_NAME = AppIcon;
				CODE_SIGN_STYLE = Automatic;
				INFOPLIST_FILE = JoExam/Info.plist;
				LD_RUNPATH_SEARCH_PATHS = (
					"$(inherited)",
					"@executable_path/Frameworks",
				);
				PRODUCT_BUNDLE_IDENTIFIER = com.lnwza5678.JoExam;
				PRODUCT_NAME = "$(TARGET_NAME)";
				SWIFT_VERSION = 4.2;
				TARGETED_DEVICE_FAMILY = "1,2";
			};
			name = Debug;
		};
		EB696413222E8BE00058CDD7 /* Release */ = {
			isa = XCBuildConfiguration;
			buildSettings = {
				ASSETCATALOG_COMPILER_APPICON_NAME = AppIcon;
				CODE_SIGN_STYLE = Automatic;
				INFOPLIST_FILE = JoExam/Info.plist;
				LD_RUNPATH_SEARCH_PATHS = (
					"$(inherited)",
					"@executable_path/Frameworks",
				);
				PRODUCT_BUNDLE_IDENTIFIER = com.lnwza5678.JoExam;
				PRODUCT_NAME = "$(TARGET_NAME)";
				SWIFT_VERSION = 4.2;
				TARGETED_DEVICE_FAMILY = "1,2";
			};
			name = Release;
		};
/* End XCBuildConfiguration section */

/* Begin XCConfigurationList section */
		EB6963FA222E8BDF0058CDD7 /* Build configuration list for PBXProject "JoExam" */ = {
			isa = XCConfigurationList;
			buildConfigurations = (
				EB69640F222E8BE00058CDD7 /* Debug */,
				EB696410222E8BE00058CDD7 /* Release */,
			);
			defaultConfigurationIsVisible = 0;
			defaultConfigurationName = Release;
		};
		EB696411222E8BE00058CDD7 /* Build configuration list for PBXNativeTarget "JoExam" */ = {
			isa = XCConfigurationList;
			buildConfigurations = (
				EB696412222E8BE00058CDD7 /* Debug */,
				EB696413222E8BE00058CDD7 /* Release */,
			);
			defaultConfigurationIsVisible = 0;
			defaultConfigurationName = Release;
		};
/* End XCConfigurationList section */
	};
	rootObject = EB6963F7222E8BDF0058CDD7 /* Project object */;
}
